// !$*UTF8*$!
{
	archiveVersion = 1;
	classes = {
	};
	objectVersion = 48;
	objects = {

/* Begin PBXBuildFile section */
		1F2E265A1FEA86BA0025371D /* GoogleService-Info.plist in Resources */ = {isa = PBXBuildFile; fileRef = 1F2E26591FEA86B90025371D /* GoogleService-Info.plist */; };
		1F81C8341FCD9BB000E12BC4 /* UIViewController-KeyboardObserverProtocol.swift in Sources */ = {isa = PBXBuildFile; fileRef = 1F81C8331FCD9BB000E12BC4 /* UIViewController-KeyboardObserverProtocol.swift */; };
		1F99F0791FE8EF430052E1F4 /* MapWireFrame.swift in Sources */ = {isa = PBXBuildFile; fileRef = 1F99F0771FE8EF430052E1F4 /* MapWireFrame.swift */; };
		1F99F07C1FE8EFBE0052E1F4 /* MapPresenter.swift in Sources */ = {isa = PBXBuildFile; fileRef = 1F99F07B1FE8EFBE0052E1F4 /* MapPresenter.swift */; };
		1F99F07E1FE8EFD10052E1F4 /* MapIntercator.swift in Sources */ = {isa = PBXBuildFile; fileRef = 1F99F07D1FE8EFD10052E1F4 /* MapIntercator.swift */; };
		1F99F0851FE8F3600052E1F4 /* MapViewController.swift in Sources */ = {isa = PBXBuildFile; fileRef = 1F99F0831FE8F3600052E1F4 /* MapViewController.swift */; };
		1F99F0861FE8F3600052E1F4 /* MapViewController.xib in Resources */ = {isa = PBXBuildFile; fileRef = 1F99F0841FE8F3600052E1F4 /* MapViewController.xib */; };
		1F99F0881FE9032E0052E1F4 /* MapCoordinator.swift in Sources */ = {isa = PBXBuildFile; fileRef = 1F99F0871FE9032E0052E1F4 /* MapCoordinator.swift */; };
		1F99F08B1FE91C900052E1F4 /* CameraViewController.swift in Sources */ = {isa = PBXBuildFile; fileRef = 1F99F0891FE91C900052E1F4 /* CameraViewController.swift */; };
		1F99F08E1FE94D890052E1F4 /* CameraViewController.xib in Resources */ = {isa = PBXBuildFile; fileRef = 1F99F08D1FE94D890052E1F4 /* CameraViewController.xib */; };
		1F99F0951FEA57F00052E1F4 /* Localizable.strings in Resources */ = {isa = PBXBuildFile; fileRef = 1F99F0931FEA57F00052E1F4 /* Localizable.strings */; };
		1F99F0981FEA58810052E1F4 /* InfoPlist.strings in Resources */ = {isa = PBXBuildFile; fileRef = 1F99F0961FEA58810052E1F4 /* InfoPlist.strings */; };
		1F99F09A1FEA5A0F0052E1F4 /* String-Localized.swift in Sources */ = {isa = PBXBuildFile; fileRef = 1F99F0991FEA5A0F0052E1F4 /* String-Localized.swift */; };
		1F99F09D1FEA747F0052E1F4 /* LaunchScreen.storyboard in Resources */ = {isa = PBXBuildFile; fileRef = 1F99F09B1FEA747F0052E1F4 /* LaunchScreen.storyboard */; };
		1FF0E8461FC436E3004620B7 /* AppDelegate.swift in Sources */ = {isa = PBXBuildFile; fileRef = 1FF0E8451FC436E3004620B7 /* AppDelegate.swift */; };
		1FF0E84D1FC436E3004620B7 /* Assets.xcassets in Resources */ = {isa = PBXBuildFile; fileRef = 1FF0E84C1FC436E3004620B7 /* Assets.xcassets */; };
		1FF0E8581FC43EDC004620B7 /* AppCoordinator.swift in Sources */ = {isa = PBXBuildFile; fileRef = 1FF0E8571FC43EDC004620B7 /* AppCoordinator.swift */; };
		1FF0E85D1FC45357004620B7 /* Coordinator.swift in Sources */ = {isa = PBXBuildFile; fileRef = 1FF0E85C1FC45357004620B7 /* Coordinator.swift */; };
		1FF0E8611FC4543A004620B7 /* AuthCoordinator.swift in Sources */ = {isa = PBXBuildFile; fileRef = 1FF0E8601FC4543A004620B7 /* AuthCoordinator.swift */; };
		1FF0E8711FC55111004620B7 /* TabBarController.swift in Sources */ = {isa = PBXBuildFile; fileRef = 1FF0E8701FC55111004620B7 /* TabBarController.swift */; };
		1FF0E8751FC58736004620B7 /* UIViewController-extension.swift in Sources */ = {isa = PBXBuildFile; fileRef = 1FF0E8741FC58736004620B7 /* UIViewController-extension.swift */; };
		1FF0E87C1FC589D2004620B7 /* AuthPhoneViewController.swift in Sources */ = {isa = PBXBuildFile; fileRef = 1FF0E8771FC589D2004620B7 /* AuthPhoneViewController.swift */; };
		1FF0E87D1FC589D2004620B7 /* AuthPhoneViewController.xib in Resources */ = {isa = PBXBuildFile; fileRef = 1FF0E8781FC589D2004620B7 /* AuthPhoneViewController.xib */; };
		1FF0E87E1FC589D2004620B7 /* AuthPinViewController.xib in Resources */ = {isa = PBXBuildFile; fileRef = 1FF0E87A1FC589D2004620B7 /* AuthPinViewController.xib */; };
		1FF0E87F1FC589D2004620B7 /* AuthPinViewController.swift in Sources */ = {isa = PBXBuildFile; fileRef = 1FF0E87B1FC589D2004620B7 /* AuthPinViewController.swift */; };
		1FF0E8A21FC6AE0E004620B7 /* AuthPhoneWireFrame.swift in Sources */ = {isa = PBXBuildFile; fileRef = 1FF0E8A11FC6AE0E004620B7 /* AuthPhoneWireFrame.swift */; };
		1FF0E8A41FC6AE29004620B7 /* AuthPhonePresenter.swift in Sources */ = {isa = PBXBuildFile; fileRef = 1FF0E8A31FC6AE29004620B7 /* AuthPhonePresenter.swift */; };
		1FF0E8A61FC6AE3F004620B7 /* AuthPhoneIntercator.swift in Sources */ = {isa = PBXBuildFile; fileRef = 1FF0E8A51FC6AE3F004620B7 /* AuthPhoneIntercator.swift */; };
		926C0BD951F9EB2FCCC8D806 /* Pods_ARGame.framework in Frameworks */ = {isa = PBXBuildFile; fileRef = 35B5F5D2BFD8EC735390F19D /* Pods_ARGame.framework */; };
/* End PBXBuildFile section */

/* Begin PBXFileReference section */
		1F2E26591FEA86B90025371D /* GoogleService-Info.plist */ = {isa = PBXFileReference; fileEncoding = 4; lastKnownFileType = text.plist.xml; path = "GoogleService-Info.plist"; sourceTree = "<group>"; };
		1F81C8331FCD9BB000E12BC4 /* UIViewController-KeyboardObserverProtocol.swift */ = {isa = PBXFileReference; lastKnownFileType = sourcecode.swift; path = "UIViewController-KeyboardObserverProtocol.swift"; sourceTree = "<group>"; };
		1F99F0771FE8EF430052E1F4 /* MapWireFrame.swift */ = {isa = PBXFileReference; lastKnownFileType = sourcecode.swift; path = MapWireFrame.swift; sourceTree = "<group>"; };
		1F99F07B1FE8EFBE0052E1F4 /* MapPresenter.swift */ = {isa = PBXFileReference; lastKnownFileType = sourcecode.swift; path = MapPresenter.swift; sourceTree = "<group>"; };
		1F99F07D1FE8EFD10052E1F4 /* MapIntercator.swift */ = {isa = PBXFileReference; lastKnownFileType = sourcecode.swift; path = MapIntercator.swift; sourceTree = "<group>"; };
		1F99F0831FE8F3600052E1F4 /* MapViewController.swift */ = {isa = PBXFileReference; lastKnownFileType = sourcecode.swift; path = MapViewController.swift; sourceTree = "<group>"; };
		1F99F0841FE8F3600052E1F4 /* MapViewController.xib */ = {isa = PBXFileReference; lastKnownFileType = file.xib; path = MapViewController.xib; sourceTree = "<group>"; };
		1F99F0871FE9032E0052E1F4 /* MapCoordinator.swift */ = {isa = PBXFileReference; lastKnownFileType = sourcecode.swift; path = MapCoordinator.swift; sourceTree = "<group>"; };
		1F99F0891FE91C900052E1F4 /* CameraViewController.swift */ = {isa = PBXFileReference; lastKnownFileType = sourcecode.swift; path = CameraViewController.swift; sourceTree = "<group>"; };
		1F99F08D1FE94D890052E1F4 /* CameraViewController.xib */ = {isa = PBXFileReference; lastKnownFileType = file.xib; path = CameraViewController.xib; sourceTree = "<group>"; };
		1F99F0941FEA57F00052E1F4 /* Base */ = {isa = PBXFileReference; lastKnownFileType = text.plist.strings; name = Base; path = Base.lproj/Localizable.strings; sourceTree = "<group>"; };
		1F99F0971FEA58810052E1F4 /* Base */ = {isa = PBXFileReference; lastKnownFileType = text.plist.strings; name = Base; path = Base.lproj/InfoPlist.strings; sourceTree = "<group>"; };
		1F99F0991FEA5A0F0052E1F4 /* String-Localized.swift */ = {isa = PBXFileReference; lastKnownFileType = sourcecode.swift; path = "String-Localized.swift"; sourceTree = "<group>"; };
		1F99F09C1FEA747F0052E1F4 /* Base */ = {isa = PBXFileReference; lastKnownFileType = file.storyboard; name = Base; path = Base.lproj/LaunchScreen.storyboard; sourceTree = "<group>"; };
		1FF0E8421FC436E3004620B7 /* ARGame.app */ = {isa = PBXFileReference; explicitFileType = wrapper.application; includeInIndex = 0; path = ARGame.app; sourceTree = BUILT_PRODUCTS_DIR; };
		1FF0E8451FC436E3004620B7 /* AppDelegate.swift */ = {isa = PBXFileReference; lastKnownFileType = sourcecode.swift; path = AppDelegate.swift; sourceTree = "<group>"; };
		1FF0E84C1FC436E3004620B7 /* Assets.xcassets */ = {isa = PBXFileReference; lastKnownFileType = folder.assetcatalog; path = Assets.xcassets; sourceTree = "<group>"; };
		1FF0E8511FC436E3004620B7 /* Info.plist */ = {isa = PBXFileReference; lastKnownFileType = text.plist.xml; path = Info.plist; sourceTree = "<group>"; };
		1FF0E8571FC43EDC004620B7 /* AppCoordinator.swift */ = {isa = PBXFileReference; lastKnownFileType = sourcecode.swift; path = AppCoordinator.swift; sourceTree = "<group>"; };
		1FF0E85C1FC45357004620B7 /* Coordinator.swift */ = {isa = PBXFileReference; lastKnownFileType = sourcecode.swift; path = Coordinator.swift; sourceTree = "<group>"; };
		1FF0E8601FC4543A004620B7 /* AuthCoordinator.swift */ = {isa = PBXFileReference; lastKnownFileType = sourcecode.swift; path = AuthCoordinator.swift; sourceTree = "<group>"; };
		1FF0E8701FC55111004620B7 /* TabBarController.swift */ = {isa = PBXFileReference; lastKnownFileType = sourcecode.swift; path = TabBarController.swift; sourceTree = "<group>"; };
		1FF0E8741FC58736004620B7 /* UIViewController-extension.swift */ = {isa = PBXFileReference; fileEncoding = 4; lastKnownFileType = sourcecode.swift; path = "UIViewController-extension.swift"; sourceTree = "<group>"; };
		1FF0E8771FC589D2004620B7 /* AuthPhoneViewController.swift */ = {isa = PBXFileReference; fileEncoding = 4; lastKnownFileType = sourcecode.swift; path = AuthPhoneViewController.swift; sourceTree = "<group>"; };
		1FF0E8781FC589D2004620B7 /* AuthPhoneViewController.xib */ = {isa = PBXFileReference; fileEncoding = 4; lastKnownFileType = file.xib; path = AuthPhoneViewController.xib; sourceTree = "<group>"; };
		1FF0E87A1FC589D2004620B7 /* AuthPinViewController.xib */ = {isa = PBXFileReference; fileEncoding = 4; lastKnownFileType = file.xib; path = AuthPinViewController.xib; sourceTree = "<group>"; };
		1FF0E87B1FC589D2004620B7 /* AuthPinViewController.swift */ = {isa = PBXFileReference; fileEncoding = 4; lastKnownFileType = sourcecode.swift; path = AuthPinViewController.swift; sourceTree = "<group>"; };
		1FF0E8A11FC6AE0E004620B7 /* AuthPhoneWireFrame.swift */ = {isa = PBXFileReference; lastKnownFileType = sourcecode.swift; path = AuthPhoneWireFrame.swift; sourceTree = "<group>"; };
		1FF0E8A31FC6AE29004620B7 /* AuthPhonePresenter.swift */ = {isa = PBXFileReference; lastKnownFileType = sourcecode.swift; path = AuthPhonePresenter.swift; sourceTree = "<group>"; };
		1FF0E8A51FC6AE3F004620B7 /* AuthPhoneIntercator.swift */ = {isa = PBXFileReference; lastKnownFileType = sourcecode.swift; path = AuthPhoneIntercator.swift; sourceTree = "<group>"; };
		35B5F5D2BFD8EC735390F19D /* Pods_ARGame.framework */ = {isa = PBXFileReference; explicitFileType = wrapper.framework; includeInIndex = 0; path = Pods_ARGame.framework; sourceTree = BUILT_PRODUCTS_DIR; };
		36179D64B0DC177214208D94 /* Pods-ARGame.release.xcconfig */ = {isa = PBXFileReference; includeInIndex = 1; lastKnownFileType = text.xcconfig; name = "Pods-ARGame.release.xcconfig"; path = "Pods/Target Support Files/Pods-ARGame/Pods-ARGame.release.xcconfig"; sourceTree = "<group>"; };
		CA57553E029271E84D728AF9 /* Pods-ARGame.debug.xcconfig */ = {isa = PBXFileReference; includeInIndex = 1; lastKnownFileType = text.xcconfig; name = "Pods-ARGame.debug.xcconfig"; path = "Pods/Target Support Files/Pods-ARGame/Pods-ARGame.debug.xcconfig"; sourceTree = "<group>"; };
/* End PBXFileReference section */

/* Begin PBXFrameworksBuildPhase section */
		1FF0E83F1FC436E3004620B7 /* Frameworks */ = {
			isa = PBXFrameworksBuildPhase;
			buildActionMask = 2147483647;
			files = (
				926C0BD951F9EB2FCCC8D806 /* Pods_ARGame.framework in Frameworks */,
			);
			runOnlyForDeploymentPostprocessing = 0;
		};
/* End PBXFrameworksBuildPhase section */

/* Begin PBXGroup section */
		0BEA9F8BA266106F7A688AB4 /* Pods */ = {
			isa = PBXGroup;
			children = (
				CA57553E029271E84D728AF9 /* Pods-ARGame.debug.xcconfig */,
				36179D64B0DC177214208D94 /* Pods-ARGame.release.xcconfig */,
			);
			name = Pods;
			sourceTree = "<group>";
		};
		1F99F0731FE8EE580052E1F4 /* Camera */ = {
			isa = PBXGroup;
			children = (
				1F99F0891FE91C900052E1F4 /* CameraViewController.swift */,
				1F99F08D1FE94D890052E1F4 /* CameraViewController.xib */,
			);
			path = Camera;
			sourceTree = "<group>";
		};
		1F99F0741FE8EE580052E1F4 /* Map */ = {
			isa = PBXGroup;
			children = (
				1F99F0871FE9032E0052E1F4 /* MapCoordinator.swift */,
				1F99F0771FE8EF430052E1F4 /* MapWireFrame.swift */,
				1F99F07B1FE8EFBE0052E1F4 /* MapPresenter.swift */,
				1F99F07D1FE8EFD10052E1F4 /* MapIntercator.swift */,
				1F99F0831FE8F3600052E1F4 /* MapViewController.swift */,
				1F99F0841FE8F3600052E1F4 /* MapViewController.xib */,
			);
			path = Map;
			sourceTree = "<group>";
		};
		1FF0E8391FC436E2004620B7 = {
			isa = PBXGroup;
			children = (
				1FF0E8441FC436E3004620B7 /* ARGame */,
				1FF0E8431FC436E3004620B7 /* Products */,
				0BEA9F8BA266106F7A688AB4 /* Pods */,
				3D79929739EB2A239756C2F5 /* Frameworks */,
			);
			sourceTree = "<group>";
		};
		1FF0E8431FC436E3004620B7 /* Products */ = {
			isa = PBXGroup;
			children = (
				1FF0E8421FC436E3004620B7 /* ARGame.app */,
			);
			name = Products;
			sourceTree = "<group>";
		};
		1FF0E8441FC436E3004620B7 /* ARGame */ = {
			isa = PBXGroup;
			children = (
				1FF0E8451FC436E3004620B7 /* AppDelegate.swift */,
				1FF0E8571FC43EDC004620B7 /* AppCoordinator.swift */,
				1FF0E85E1FC453BF004620B7 /* Controllers */,
				1FF0E84C1FC436E3004620B7 /* Assets.xcassets */,
				1FF0E8511FC436E3004620B7 /* Info.plist */,
				1F99F0931FEA57F00052E1F4 /* Localizable.strings */,
				1F99F0961FEA58810052E1F4 /* InfoPlist.strings */,
				1F99F09B1FEA747F0052E1F4 /* LaunchScreen.storyboard */,
				1F2E26591FEA86B90025371D /* GoogleService-Info.plist */,
				1FF0E85B1FC45336004620B7 /* Extensions */,
			);
			path = ARGame;
			sourceTree = "<group>";
		};
		1FF0E85B1FC45336004620B7 /* Extensions */ = {
			isa = PBXGroup;
			children = (
				1FF0E85C1FC45357004620B7 /* Coordinator.swift */,
				1FF0E8741FC58736004620B7 /* UIViewController-extension.swift */,
				1F81C8331FCD9BB000E12BC4 /* UIViewController-KeyboardObserverProtocol.swift */,
				1F99F0991FEA5A0F0052E1F4 /* String-Localized.swift */,
			);
			path = Extensions;
			sourceTree = "<group>";
		};
		1FF0E85E1FC453BF004620B7 /* Controllers */ = {
			isa = PBXGroup;
			children = (
				1FF0E8701FC55111004620B7 /* TabBarController.swift */,
				1F99F0741FE8EE580052E1F4 /* Map */,
				1F99F0731FE8EE580052E1F4 /* Camera */,
				1FF0E85F1FC453F2004620B7 /* Authorization */,
			);
			path = Controllers;
			sourceTree = "<group>";
		};
		1FF0E85F1FC453F2004620B7 /* Authorization */ = {
			isa = PBXGroup;
			children = (
				1FF0E8601FC4543A004620B7 /* AuthCoordinator.swift */,
				1FF0E8761FC589D2004620B7 /* AuthPhone */,
				1FF0E8791FC589D2004620B7 /* AuthPin */,
			);
			path = Authorization;
			sourceTree = "<group>";
		};
		1FF0E8761FC589D2004620B7 /* AuthPhone */ = {
			isa = PBXGroup;
			children = (
				1FF0E8A11FC6AE0E004620B7 /* AuthPhoneWireFrame.swift */,
				1FF0E8A31FC6AE29004620B7 /* AuthPhonePresenter.swift */,
				1FF0E8A51FC6AE3F004620B7 /* AuthPhoneIntercator.swift */,
				1FF0E8771FC589D2004620B7 /* AuthPhoneViewController.swift */,
				1FF0E8781FC589D2004620B7 /* AuthPhoneViewController.xib */,
			);
			path = AuthPhone;
			sourceTree = "<group>";
		};
		1FF0E8791FC589D2004620B7 /* AuthPin */ = {
			isa = PBXGroup;
			children = (
				1FF0E87A1FC589D2004620B7 /* AuthPinViewController.xib */,
				1FF0E87B1FC589D2004620B7 /* AuthPinViewController.swift */,
			);
			path = AuthPin;
			sourceTree = "<group>";
		};
		3D79929739EB2A239756C2F5 /* Frameworks */ = {
			isa = PBXGroup;
			children = (
				35B5F5D2BFD8EC735390F19D /* Pods_ARGame.framework */,
			);
			name = Frameworks;
			sourceTree = "<group>";
		};
/* End PBXGroup section */

/* Begin PBXNativeTarget section */
		1FF0E8411FC436E3004620B7 /* ARGame */ = {
			isa = PBXNativeTarget;
			buildConfigurationList = 1FF0E8541FC436E3004620B7 /* Build configuration list for PBXNativeTarget "ARGame" */;
			buildPhases = (
				7F6C0F41B4F9CA02C7B9EC39 /* [CP] Check Pods Manifest.lock */,
				1FF0E83E1FC436E3004620B7 /* Sources */,
				1FF0E83F1FC436E3004620B7 /* Frameworks */,
				1FF0E8401FC436E3004620B7 /* Resources */,
				64B830C5EC792F89E4A6698B /* [CP] Embed Pods Frameworks */,
				25391044E7F525F3719458FB /* [CP] Copy Pods Resources */,
			);
			buildRules = (
			);
			dependencies = (
			);
			name = ARGame;
			productName = ARGame;
			productReference = 1FF0E8421FC436E3004620B7 /* ARGame.app */;
			productType = "com.apple.product-type.application";
		};
/* End PBXNativeTarget section */

/* Begin PBXProject section */
		1FF0E83A1FC436E3004620B7 /* Project object */ = {
			isa = PBXProject;
			attributes = {
				LastSwiftUpdateCheck = 0910;
				LastUpgradeCheck = 0910;
				ORGANIZATIONNAME = Aleksandr;
				TargetAttributes = {
					1FF0E8411FC436E3004620B7 = {
						CreatedOnToolsVersion = 9.1;
						ProvisioningStyle = Automatic;
					};
				};
			};
			buildConfigurationList = 1FF0E83D1FC436E3004620B7 /* Build configuration list for PBXProject "ARGame" */;
			compatibilityVersion = "Xcode 8.0";
			developmentRegion = en;
			hasScannedForEncodings = 0;
			knownRegions = (
				en,
				Base,
			);
			mainGroup = 1FF0E8391FC436E2004620B7;
			productRefGroup = 1FF0E8431FC436E3004620B7 /* Products */;
			projectDirPath = "";
			projectRoot = "";
			targets = (
				1FF0E8411FC436E3004620B7 /* ARGame */,
			);
		};
/* End PBXProject section */

/* Begin PBXResourcesBuildPhase section */
		1FF0E8401FC436E3004620B7 /* Resources */ = {
			isa = PBXResourcesBuildPhase;
			buildActionMask = 2147483647;
			files = (
				1FF0E87D1FC589D2004620B7 /* AuthPhoneViewController.xib in Resources */,
				1F99F09D1FEA747F0052E1F4 /* LaunchScreen.storyboard in Resources */,
				1F2E265A1FEA86BA0025371D /* GoogleService-Info.plist in Resources */,
				1F99F0981FEA58810052E1F4 /* InfoPlist.strings in Resources */,
				1FF0E87E1FC589D2004620B7 /* AuthPinViewController.xib in Resources */,
				1F99F0951FEA57F00052E1F4 /* Localizable.strings in Resources */,
				1F99F08E1FE94D890052E1F4 /* CameraViewController.xib in Resources */,
				1F99F0861FE8F3600052E1F4 /* MapViewController.xib in Resources */,
				1FF0E84D1FC436E3004620B7 /* Assets.xcassets in Resources */,
			);
			runOnlyForDeploymentPostprocessing = 0;
		};
/* End PBXResourcesBuildPhase section */

/* Begin PBXShellScriptBuildPhase section */
		25391044E7F525F3719458FB /* [CP] Copy Pods Resources */ = {
			isa = PBXShellScriptBuildPhase;
			buildActionMask = 2147483647;
			files = (
			);
			inputPaths = (
				"${SRCROOT}/Pods/Target Support Files/Pods-ARGame/Pods-ARGame-resources.sh",
				"${PODS_ROOT}/GoogleMaps/Maps/Frameworks/GoogleMaps.framework/Resources/GoogleMaps.bundle",
			);
			name = "[CP] Copy Pods Resources";
			outputPaths = (
				"${TARGET_BUILD_DIR}/${UNLOCALIZED_RESOURCES_FOLDER_PATH}",
			);
			runOnlyForDeploymentPostprocessing = 0;
			shellPath = /bin/sh;
			shellScript = "\"${SRCROOT}/Pods/Target Support Files/Pods-ARGame/Pods-ARGame-resources.sh\"\n";
			showEnvVarsInLog = 0;
		};
		64B830C5EC792F89E4A6698B /* [CP] Embed Pods Frameworks */ = {
			isa = PBXShellScriptBuildPhase;
			buildActionMask = 2147483647;
			files = (
			);
			inputPaths = (
				"${SRCROOT}/Pods/Target Support Files/Pods-ARGame/Pods-ARGame-frameworks.sh",
				"${BUILT_PRODUCTS_DIR}/BoringSSL/openssl.framework",
				"${BUILT_PRODUCTS_DIR}/GTMSessionFetcher/GTMSessionFetcher.framework",
				"${BUILT_PRODUCTS_DIR}/GoogleToolboxForMac/GoogleToolboxForMac.framework",
				"${BUILT_PRODUCTS_DIR}/Protobuf/Protobuf.framework",
				"${BUILT_PRODUCTS_DIR}/gRPC/GRPCClient.framework",
				"${BUILT_PRODUCTS_DIR}/gRPC-Core/grpc.framework",
				"${BUILT_PRODUCTS_DIR}/gRPC-ProtoRPC/ProtoRPC.framework",
				"${BUILT_PRODUCTS_DIR}/gRPC-RxLibrary/RxLibrary.framework",
				"${BUILT_PRODUCTS_DIR}/leveldb-library/leveldb.framework",
				"${BUILT_PRODUCTS_DIR}/nanopb/nanopb.framework",
			);
			name = "[CP] Embed Pods Frameworks";
			outputPaths = (
				"${TARGET_BUILD_DIR}/${FRAMEWORKS_FOLDER_PATH}/openssl.framework",
				"${TARGET_BUILD_DIR}/${FRAMEWORKS_FOLDER_PATH}/GTMSessionFetcher.framework",
				"${TARGET_BUILD_DIR}/${FRAMEWORKS_FOLDER_PATH}/GoogleToolboxForMac.framework",
				"${TARGET_BUILD_DIR}/${FRAMEWORKS_FOLDER_PATH}/Protobuf.framework",
				"${TARGET_BUILD_DIR}/${FRAMEWORKS_FOLDER_PATH}/GRPCClient.framework",
				"${TARGET_BUILD_DIR}/${FRAMEWORKS_FOLDER_PATH}/grpc.framework",
				"${TARGET_BUILD_DIR}/${FRAMEWORKS_FOLDER_PATH}/ProtoRPC.framework",
				"${TARGET_BUILD_DIR}/${FRAMEWORKS_FOLDER_PATH}/RxLibrary.framework",
				"${TARGET_BUILD_DIR}/${FRAMEWORKS_FOLDER_PATH}/leveldb.framework",
				"${TARGET_BUILD_DIR}/${FRAMEWORKS_FOLDER_PATH}/nanopb.framework",
			);
			runOnlyForDeploymentPostprocessing = 0;
			shellPath = /bin/sh;
			shellScript = "\"${SRCROOT}/Pods/Target Support Files/Pods-ARGame/Pods-ARGame-frameworks.sh\"\n";
			showEnvVarsInLog = 0;
		};
		7F6C0F41B4F9CA02C7B9EC39 /* [CP] Check Pods Manifest.lock */ = {
			isa = PBXShellScriptBuildPhase;
			buildActionMask = 2147483647;
			files = (
			);
			inputPaths = (
				"${PODS_PODFILE_DIR_PATH}/Podfile.lock",
				"${PODS_ROOT}/Manifest.lock",
			);
			name = "[CP] Check Pods Manifest.lock";
			outputPaths = (
				"$(DERIVED_FILE_DIR)/Pods-ARGame-checkManifestLockResult.txt",
			);
			runOnlyForDeploymentPostprocessing = 0;
			shellPath = /bin/sh;
			shellScript = "diff \"${PODS_PODFILE_DIR_PATH}/Podfile.lock\" \"${PODS_ROOT}/Manifest.lock\" > /dev/null\nif [ $? != 0 ] ; then\n    # print error to STDERR\n    echo \"error: The sandbox is not in sync with the Podfile.lock. Run 'pod install' or update your CocoaPods installation.\" >&2\n    exit 1\nfi\n# This output is used by Xcode 'outputs' to avoid re-running this script phase.\necho \"SUCCESS\" > \"${SCRIPT_OUTPUT_FILE_0}\"\n";
			showEnvVarsInLog = 0;
		};
/* End PBXShellScriptBuildPhase section */

/* Begin PBXSourcesBuildPhase section */
		1FF0E83E1FC436E3004620B7 /* Sources */ = {
			isa = PBXSourcesBuildPhase;
			buildActionMask = 2147483647;
			files = (
				1FF0E8611FC4543A004620B7 /* AuthCoordinator.swift in Sources */,
				1F99F07C1FE8EFBE0052E1F4 /* MapPresenter.swift in Sources */,
				1FF0E8711FC55111004620B7 /* TabBarController.swift in Sources */,
				1FF0E8581FC43EDC004620B7 /* AppCoordinator.swift in Sources */,
				1F99F0791FE8EF430052E1F4 /* MapWireFrame.swift in Sources */,
				1F99F09A1FEA5A0F0052E1F4 /* String-Localized.swift in Sources */,
				1F81C8341FCD9BB000E12BC4 /* UIViewController-KeyboardObserverProtocol.swift in Sources */,
				1FF0E8A41FC6AE29004620B7 /* AuthPhonePresenter.swift in Sources */,
				1FF0E8A61FC6AE3F004620B7 /* AuthPhoneIntercator.swift in Sources */,
				1FF0E8751FC58736004620B7 /* UIViewController-extension.swift in Sources */,
				1FF0E87C1FC589D2004620B7 /* AuthPhoneViewController.swift in Sources */,
				1F99F0881FE9032E0052E1F4 /* MapCoordinator.swift in Sources */,
				1F99F07E1FE8EFD10052E1F4 /* MapIntercator.swift in Sources */,
				1FF0E8A21FC6AE0E004620B7 /* AuthPhoneWireFrame.swift in Sources */,
				1FF0E85D1FC45357004620B7 /* Coordinator.swift in Sources */,
				1FF0E87F1FC589D2004620B7 /* AuthPinViewController.swift in Sources */,
				1FF0E8461FC436E3004620B7 /* AppDelegate.swift in Sources */,
				1F99F0851FE8F3600052E1F4 /* MapViewController.swift in Sources */,
				1F99F08B1FE91C900052E1F4 /* CameraViewController.swift in Sources */,
			);
			runOnlyForDeploymentPostprocessing = 0;
		};
/* End PBXSourcesBuildPhase section */

/* Begin PBXVariantGroup section */
		1F99F0931FEA57F00052E1F4 /* Localizable.strings */ = {
			isa = PBXVariantGroup;
			children = (
				1F99F0941FEA57F00052E1F4 /* Base */,
			);
			name = Localizable.strings;
			sourceTree = "<group>";
		};
		1F99F0961FEA58810052E1F4 /* InfoPlist.strings */ = {
			isa = PBXVariantGroup;
			children = (
				1F99F0971FEA58810052E1F4 /* Base */,
			);
			name = InfoPlist.strings;
			sourceTree = "<group>";
		};
		1F99F09B1FEA747F0052E1F4 /* LaunchScreen.storyboard */ = {
			isa = PBXVariantGroup;
			children = (
				1F99F09C1FEA747F0052E1F4 /* Base */,
			);
			name = LaunchScreen.storyboard;
			sourceTree = "<group>";
		};
/* End PBXVariantGroup section */

/* Begin XCBuildConfiguration section */
		1FF0E8521FC436E3004620B7 /* Debug */ = {
			isa = XCBuildConfiguration;
			buildSettings = {
				ALWAYS_SEARCH_USER_PATHS = NO;
				CLANG_ANALYZER_LOCALIZABILITY_NONLOCALIZED = YES;
				CLANG_ANALYZER_NONNULL = YES;
				CLANG_ANALYZER_NUMBER_OBJECT_CONVERSION = YES_AGGRESSIVE;
				CLANG_CXX_LANGUAGE_STANDARD = "gnu++14";
				CLANG_CXX_LIBRARY = "libc++";
				CLANG_ENABLE_MODULES = YES;
				CLANG_ENABLE_OBJC_ARC = YES;
				CLANG_WARN_BLOCK_CAPTURE_AUTORELEASING = YES;
				CLANG_WARN_BOOL_CONVERSION = YES;
				CLANG_WARN_COMMA = YES;
				CLANG_WARN_CONSTANT_CONVERSION = YES;
				CLANG_WARN_DIRECT_OBJC_ISA_USAGE = YES_ERROR;
				CLANG_WARN_DOCUMENTATION_COMMENTS = YES;
				CLANG_WARN_EMPTY_BODY = YES;
				CLANG_WARN_ENUM_CONVERSION = YES;
				CLANG_WARN_INFINITE_RECURSION = YES;
				CLANG_WARN_INT_CONVERSION = YES;
				CLANG_WARN_NON_LITERAL_NULL_CONVERSION = YES;
				CLANG_WARN_OBJC_LITERAL_CONVERSION = YES;
				CLANG_WARN_OBJC_ROOT_CLASS = YES_ERROR;
				CLANG_WARN_RANGE_LOOP_ANALYSIS = YES;
				CLANG_WARN_STRICT_PROTOTYPES = YES;
				CLANG_WARN_SUSPICIOUS_MOVE = YES;
				CLANG_WARN_UNGUARDED_AVAILABILITY = YES_AGGRESSIVE;
				CLANG_WARN_UNREACHABLE_CODE = YES;
				CLANG_WARN__DUPLICATE_METHOD_MATCH = YES;
				CODE_SIGN_IDENTITY = "iPhone Developer";
				COPY_PHASE_STRIP = NO;
				DEBUG_INFORMATION_FORMAT = dwarf;
				ENABLE_STRICT_OBJC_MSGSEND = YES;
				ENABLE_TESTABILITY = YES;
				GCC_C_LANGUAGE_STANDARD = gnu11;
				GCC_DYNAMIC_NO_PIC = NO;
				GCC_NO_COMMON_BLOCKS = YES;
				GCC_OPTIMIZATION_LEVEL = 0;
				GCC_PREPROCESSOR_DEFINITIONS = (
					"DEBUG=1",
					"$(inherited)",
				);
				GCC_WARN_64_TO_32_BIT_CONVERSION = YES;
				GCC_WARN_ABOUT_RETURN_TYPE = YES_ERROR;
				GCC_WARN_UNDECLARED_SELECTOR = YES;
				GCC_WARN_UNINITIALIZED_AUTOS = YES_AGGRESSIVE;
				GCC_WARN_UNUSED_FUNCTION = YES;
				GCC_WARN_UNUSED_VARIABLE = YES;
				IPHONEOS_DEPLOYMENT_TARGET = 10.0;
				MTL_ENABLE_DEBUG_INFO = YES;
				ONLY_ACTIVE_ARCH = YES;
				SDKROOT = iphoneos;
				SWIFT_ACTIVE_COMPILATION_CONDITIONS = DEBUG;
				SWIFT_OPTIMIZATION_LEVEL = "-Onone";
			};
			name = Debug;
		};
		1FF0E8531FC436E3004620B7 /* Release */ = {
			isa = XCBuildConfiguration;
			buildSettings = {
				ALWAYS_SEARCH_USER_PATHS = NO;
				CLANG_ANALYZER_LOCALIZABILITY_NONLOCALIZED = YES;
				CLANG_ANALYZER_NONNULL = YES;
				CLANG_ANALYZER_NUMBER_OBJECT_CONVERSION = YES_AGGRESSIVE;
				CLANG_CXX_LANGUAGE_STANDARD = "gnu++14";
				CLANG_CXX_LIBRARY = "libc++";
				CLANG_ENABLE_MODULES = YES;
				CLANG_ENABLE_OBJC_ARC = YES;
				CLANG_WARN_BLOCK_CAPTURE_AUTORELEASING = YES;
				CLANG_WARN_BOOL_CONVERSION = YES;
				CLANG_WARN_COMMA = YES;
				CLANG_WARN_CONSTANT_CONVERSION = YES;
				CLANG_WARN_DIRECT_OBJC_ISA_USAGE = YES_ERROR;
				CLANG_WARN_DOCUMENTATION_COMMENTS = YES;
				CLANG_WARN_EMPTY_BODY = YES;
				CLANG_WARN_ENUM_CONVERSION = YES;
				CLANG_WARN_INFINITE_RECURSION = YES;
				CLANG_WARN_INT_CONVERSION = YES;
				CLANG_WARN_NON_LITERAL_NULL_CONVERSION = YES;
				CLANG_WARN_OBJC_LITERAL_CONVERSION = YES;
				CLANG_WARN_OBJC_ROOT_CLASS = YES_ERROR;
				CLANG_WARN_RANGE_LOOP_ANALYSIS = YES;
				CLANG_WARN_STRICT_PROTOTYPES = YES;
				CLANG_WARN_SUSPICIOUS_MOVE = YES;
				CLANG_WARN_UNGUARDED_AVAILABILITY = YES_AGGRESSIVE;
				CLANG_WARN_UNREACHABLE_CODE = YES;
				CLANG_WARN__DUPLICATE_METHOD_MATCH = YES;
				CODE_SIGN_IDENTITY = "iPhone Developer";
				COPY_PHASE_STRIP = NO;
				DEBUG_INFORMATION_FORMAT = "dwarf-with-dsym";
				ENABLE_NS_ASSERTIONS = NO;
				ENABLE_STRICT_OBJC_MSGSEND = YES;
				GCC_C_LANGUAGE_STANDARD = gnu11;
				GCC_NO_COMMON_BLOCKS = YES;
				GCC_WARN_64_TO_32_BIT_CONVERSION = YES;
				GCC_WARN_ABOUT_RETURN_TYPE = YES_ERROR;
				GCC_WARN_UNDECLARED_SELECTOR = YES;
				GCC_WARN_UNINITIALIZED_AUTOS = YES_AGGRESSIVE;
				GCC_WARN_UNUSED_FUNCTION = YES;
				GCC_WARN_UNUSED_VARIABLE = YES;
				IPHONEOS_DEPLOYMENT_TARGET = 10.0;
				MTL_ENABLE_DEBUG_INFO = NO;
				SDKROOT = iphoneos;
				SWIFT_OPTIMIZATION_LEVEL = "-Owholemodule";
				VALIDATE_PRODUCT = YES;
			};
			name = Release;
		};
		1FF0E8551FC436E3004620B7 /* Debug */ = {
			isa = XCBuildConfiguration;
			baseConfigurationReference = CA57553E029271E84D728AF9 /* Pods-ARGame.debug.xcconfig */;
			buildSettings = {
				ASSETCATALOG_COMPILER_APPICON_NAME = AppIcon;
				CODE_SIGN_STYLE = Automatic;
				DEVELOPMENT_TEAM = G7UN9F5B9N;
				INFOPLIST_FILE = ARGame/Info.plist;
				IPHONEOS_DEPLOYMENT_TARGET = 10.0;
				LD_RUNPATH_SEARCH_PATHS = "$(inherited) @executable_path/Frameworks";
				PRODUCT_BUNDLE_IDENTIFIER = com.Records.ARGame;
				PRODUCT_NAME = "$(TARGET_NAME)";
				SWIFT_VERSION = 4.0;
				TARGETED_DEVICE_FAMILY = "1,2";
			};
			name = Debug;
		};
		1FF0E8561FC436E3004620B7 /* Release */ = {
			isa = XCBuildConfiguration;
			baseConfigurationReference = 36179D64B0DC177214208D94 /* Pods-ARGame.release.xcconfig */;
			buildSettings = {
				ASSETCATALOG_COMPILER_APPICON_NAME = AppIcon;
				CODE_SIGN_STYLE = Automatic;
				DEVELOPMENT_TEAM = G7UN9F5B9N;
				INFOPLIST_FILE = ARGame/Info.plist;
				IPHONEOS_DEPLOYMENT_TARGET = 10.0;
				LD_RUNPATH_SEARCH_PATHS = "$(inherited) @executable_path/Frameworks";
				PRODUCT_BUNDLE_IDENTIFIER = com.Records.ARGame;
				PRODUCT_NAME = "$(TARGET_NAME)";
				SWIFT_VERSION = 4.0;
				TARGETED_DEVICE_FAMILY = "1,2";
			};
			name = Release;
		};
/* End XCBuildConfiguration section */

/* Begin XCConfigurationList section */
		1FF0E83D1FC436E3004620B7 /* Build configuration list for PBXProject "ARGame" */ = {
			isa = XCConfigurationList;
			buildConfigurations = (
				1FF0E8521FC436E3004620B7 /* Debug */,
				1FF0E8531FC436E3004620B7 /* Release */,
			);
			defaultConfigurationIsVisible = 0;
			defaultConfigurationName = Release;
		};
		1FF0E8541FC436E3004620B7 /* Build configuration list for PBXNativeTarget "ARGame" */ = {
			isa = XCConfigurationList;
			buildConfigurations = (
				1FF0E8551FC436E3004620B7 /* Debug */,
				1FF0E8561FC436E3004620B7 /* Release */,
			);
			defaultConfigurationIsVisible = 0;
			defaultConfigurationName = Release;
		};
/* End XCConfigurationList section */
	};
	rootObject = 1FF0E83A1FC436E3004620B7 /* Project object */;
}
